
Microsoft Visual Studio Solution File, Format Version 12.00
# Visual Studio Version 16
VisualStudioVersion = 16.0.30204.135
MinimumVisualStudioVersion = 10.0.40219.1
Project("{FAE04EC0-301F-11D3-BF4B-00C04F79EFBC}") = "CefSharp", "CefSharp\CefSharp.csproj", "{A55848CC-10E7-40CB-ADDB-04740B16DD43}"
EndProject
Project("{8BC9CEB8-8B4A-11D0-8D11-00A0C91BC942}") = "CefSharp.Core", "CefSharp.Core\CefSharp.Core.vcxproj", "{7B495581-2271-4F41-9476-ACB86E8C864F}"
EndProject
Project("{8BC9CEB8-8B4A-11D0-8D11-00A0C91BC942}") = "CefSharp.BrowserSubprocess.Core", "CefSharp.BrowserSubprocess.Core\CefSharp.BrowserSubprocess.Core.vcxproj", "{6C4BB501-2F8E-48AC-9AB5-8CFB2D74185C}"
EndProject
Project("{FAE04EC0-301F-11D3-BF4B-00C04F79EFBC}") = "CefSharp.BrowserSubprocess", "CefSharp.BrowserSubprocess\CefSharp.BrowserSubprocess.csproj", "{23EE5140-2C2C-4B53-A954-10B08DCA6BD6}"
EndProject
Project("{FAE04EC0-301F-11D3-BF4B-00C04F79EFBC}") = "CefSharp.WinForms", "CefSharp.WinForms\CefSharp.WinForms.csproj", "{882505AD-246D-402A-8414-347EFB8E2C8D}"
EndProject
Project("{FAE04EC0-301F-11D3-BF4B-00C04F79EFBC}") = "CefSharp.Wpf", "CefSharp.Wpf\CefSharp.Wpf.csproj", "{E6CB3790-F267-4AC7-892C-2620737682CA}"
EndProject
Global
	GlobalSection(SolutionConfigurationPlatforms) = preSolution
		Debug|x64 = Debug|x64
		Debug|x86 = Debug|x86
		Release|x64 = Release|x64
		Release|x86 = Release|x86
	EndGlobalSection
	GlobalSection(ProjectConfigurationPlatforms) = postSolution
		{A55848CC-10E7-40CB-ADDB-04740B16DD43}.Debug|x64.ActiveCfg = Debug|x64
		{A55848CC-10E7-40CB-ADDB-04740B16DD43}.Debug|x64.Build.0 = Debug|x64
		{A55848CC-10E7-40CB-ADDB-04740B16DD43}.Debug|x86.ActiveCfg = Debug|x86
		{A55848CC-10E7-40CB-ADDB-04740B16DD43}.Debug|x86.Build.0 = Debug|x86
		{A55848CC-10E7-40CB-ADDB-04740B16DD43}.Release|x64.ActiveCfg = Release|x64
		{A55848CC-10E7-40CB-ADDB-04740B16DD43}.Release|x64.Build.0 = Release|x64
		{A55848CC-10E7-40CB-ADDB-04740B16DD43}.Release|x86.ActiveCfg = Release|x86
		{A55848CC-10E7-40CB-ADDB-04740B16DD43}.Release|x86.Build.0 = Release|x86
		{7B495581-2271-4F41-9476-ACB86E8C864F}.Debug|x64.ActiveCfg = Debug|x64
		{7B495581-2271-4F41-9476-ACB86E8C864F}.Debug|x64.Build.0 = Debug|x64
		{7B495581-2271-4F41-9476-ACB86E8C864F}.Debug|x86.ActiveCfg = Debug|Win32
		{7B495581-2271-4F41-9476-ACB86E8C864F}.Debug|x86.Build.0 = Debug|Win32
		{7B495581-2271-4F41-9476-ACB86E8C864F}.Release|x64.ActiveCfg = Release|x64
		{7B495581-2271-4F41-9476-ACB86E8C864F}.Release|x64.Build.0 = Release|x64
		{7B495581-2271-4F41-9476-ACB86E8C864F}.Release|x86.ActiveCfg = Release|Win32
		{7B495581-2271-4F41-9476-ACB86E8C864F}.Release|x86.Build.0 = Release|Win32
		{6C4BB501-2F8E-48AC-9AB5-8CFB2D74185C}.Debug|x64.ActiveCfg = Debug|x64
		{6C4BB501-2F8E-48AC-9AB5-8CFB2D74185C}.Debug|x64.Build.0 = Debug|x64
		{6C4BB501-2F8E-48AC-9AB5-8CFB2D74185C}.Debug|x86.ActiveCfg = Debug|Win32
		{6C4BB501-2F8E-48AC-9AB5-8CFB2D74185C}.Debug|x86.Build.0 = Debug|Win32
		{6C4BB501-2F8E-48AC-9AB5-8CFB2D74185C}.Release|x64.ActiveCfg = Release|x64
		{6C4BB501-2F8E-48AC-9AB5-8CFB2D74185C}.Release|x64.Build.0 = Release|x64
		{6C4BB501-2F8E-48AC-9AB5-8CFB2D74185C}.Release|x86.ActiveCfg = Release|Win32
		{6C4BB501-2F8E-48AC-9AB5-8CFB2D74185C}.Release|x86.Build.0 = Release|Win32
		{23EE5140-2C2C-4B53-A954-10B08DCA6BD6}.Debug|x64.ActiveCfg = Debug|x64
		{23EE5140-2C2C-4B53-A954-10B08DCA6BD6}.Debug|x64.Build.0 = Debug|x64
		{23EE5140-2C2C-4B53-A954-10B08DCA6BD6}.Debug|x86.ActiveCfg = Debug|x86
		{23EE5140-2C2C-4B53-A954-10B08DCA6BD6}.Debug|x86.Build.0 = Debug|x86
		{23EE5140-2C2C-4B53-A954-10B08DCA6BD6}.Release|x64.ActiveCfg = Release|x64
		{23EE5140-2C2C-4B53-A954-10B08DCA6BD6}.Release|x64.Build.0 = Release|x64
		{23EE5140-2C2C-4B53-A954-10B08DCA6BD6}.Release|x86.ActiveCfg = Release|x86
		{23EE5140-2C2C-4B53-A954-10B08DCA6BD6}.Release|x86.Build.0 = Release|x86
		{882505AD-246D-402A-8414-347EFB8E2C8D}.Debug|x64.ActiveCfg = Debug|x64
		{882505AD-246D-402A-8414-347EFB8E2C8D}.Debug|x64.Build.0 = Debug|x64
		{882505AD-246D-402A-8414-347EFB8E2C8D}.Debug|x86.ActiveCfg = Debug|x86
		{882505AD-246D-402A-8414-347EFB8E2C8D}.Debug|x86.Build.0 = Debug|x86
		{882505AD-246D-402A-8414-347EFB8E2C8D}.Release|x64.ActiveCfg = Release|x64
		{882505AD-246D-402A-8414-347EFB8E2C8D}.Release|x64.Build.0 = Release|x64
		{882505AD-246D-402A-8414-347EFB8E2C8D}.Release|x86.ActiveCfg = Release|x86
		{882505AD-246D-402A-8414-347EFB8E2C8D}.Release|x86.Build.0 = Release|x86
		{E6CB3790-F267-4AC7-892C-2620737682CA}.Debug|x64.ActiveCfg = Debug|x64
		{E6CB3790-F267-4AC7-892C-2620737682CA}.Debug|x64.Build.0 = Debug|x64
		{E6CB3790-F267-4AC7-892C-2620737682CA}.Debug|x86.ActiveCfg = Debug|x86
		{E6CB3790-F267-4AC7-892C-2620737682CA}.Debug|x86.Build.0 = Debug|x86
		{E6CB3790-F267-4AC7-892C-2620737682CA}.Release|x64.ActiveCfg = Release|x64
		{E6CB3790-F267-4AC7-892C-2620737682CA}.Release|x64.Build.0 = Release|x64
		{E6CB3790-F267-4AC7-892C-2620737682CA}.Release|x86.ActiveCfg = Release|x86
		{E6CB3790-F267-4AC7-892C-2620737682CA}.Release|x86.Build.0 = Release|x86
	EndGlobalSection
	GlobalSection(SolutionProperties) = preSolution
		HideSolutionNode = FALSE
	EndGlobalSection
	GlobalSection(ExtensibilityGlobals) = postSolution
		SolutionGuid = {103D4603-05FF-4B56-8434-1DC819667D8B}
	EndGlobalSection
EndGlobal
